
Microsoft Visual Studio Solution File, Format Version 12.00
# Visual Studio Version 17
VisualStudioVersion = 17.5.33424.131
MinimumVisualStudioVersion = 10.0.40219.1
Project("{9A19103F-16F7-4668-BE54-9A1E7A4F7556}") = "Web_ECommerce.Domain", "src\Web_ECommerce.Domain\Web_ECommerce.Domain.csproj", "{554AD327-6DBA-4F8F-96F8-81CE7A0C863F}"
EndProject
Project("{9A19103F-16F7-4668-BE54-9A1E7A4F7556}") = "Web_ECommerce.EntityFrameworkCore", "src\Web_ECommerce.EntityFrameworkCore\Web_ECommerce.EntityFrameworkCore.csproj", "{C956DD76-69C8-4A9C-83EA-D17DF83340FD}"
EndProject
Project("{2150E333-8FDC-42A3-9474-1A3956D46DE8}") = "src", "src", "{CA9AC87F-097E-4F15-8393-4BC07735A5B0}"
EndProject
Project("{2150E333-8FDC-42A3-9474-1A3956D46DE8}") = "test", "test", "{04DBDB01-70F4-4E06-B468-8F87850B22BE}"
EndProject
Project("{9A19103F-16F7-4668-BE54-9A1E7A4F7556}") = "Web_ECommerce.Domain.Shared", "src\Web_ECommerce.Domain.Shared\Web_ECommerce.Domain.Shared.csproj", "{42F719ED-8413-4895-B5B4-5AB56079BC66}"
EndProject
Project("{9A19103F-16F7-4668-BE54-9A1E7A4F7556}") = "Web_ECommerce.AuthServer", "src\Web_ECommerce.AuthServer\Web_ECommerce.AuthServer.csproj", "{073C361E-B8F4-49F5-93CC-72A3FF49C026}"
EndProject
Project("{9A19103F-16F7-4668-BE54-9A1E7A4F7556}") = "Web_ECommerce.EntityFrameworkCore.Tests", "test\Web_ECommerce.EntityFrameworkCore.Tests\Web_ECommerce.EntityFrameworkCore.Tests.csproj", "{1FE30EB9-74A9-47F5-A9F6-7B1FAB672D81}"
EndProject
Project("{9A19103F-16F7-4668-BE54-9A1E7A4F7556}") = "Web_ECommerce.TestBase", "test\Web_ECommerce.TestBase\Web_ECommerce.TestBase.csproj", "{91853F21-9CD9-4132-BC29-A7D5D84FFFE7}"
EndProject
Project("{9A19103F-16F7-4668-BE54-9A1E7A4F7556}") = "Web_ECommerce.DbMigrator", "src\Web_ECommerce.DbMigrator\Web_ECommerce.DbMigrator.csproj", "{AA94D832-1CCC-4715-95A9-A483F23A1A5D}"
EndProject
Project("{2150E333-8FDC-42A3-9474-1A3956D46DE8}") = "Auth", "Auth", "{E35F9B49-1AAE-440B-B9BB-B2F7641A3128}"
EndProject
Project("{2150E333-8FDC-42A3-9474-1A3956D46DE8}") = "Common", "Common", "{FF6B73EB-5B3F-4CEE-AA76-578EA4126311}"
EndProject
Project("{2150E333-8FDC-42A3-9474-1A3956D46DE8}") = "Domain", "Domain", "{512F3FD9-BB63-4A21-94D4-1F75E7DFCF40}"
EndProject
Project("{2150E333-8FDC-42A3-9474-1A3956D46DE8}") = "Infrastructure", "Infrastructure", "{C65EC3AE-62A3-4DDE-B6E8-C7EF63FF1B9C}"
EndProject
Project("{2150E333-8FDC-42A3-9474-1A3956D46DE8}") = "Web", "Web", "{146E7CB7-F67A-4891-99D2-7F1BB1F36A8D}"
EndProject
Project("{2150E333-8FDC-42A3-9474-1A3956D46DE8}") = "Admin", "Admin", "{F01B5631-FA3B-4045-82AB-14858EB1845F}"
EndProject
Project("{9A19103F-16F7-4668-BE54-9A1E7A4F7556}") = "Web_ECommerce.Admin.Application", "src\Web_ECommerce.Admin.Application\Web_ECommerce.Admin.Application.csproj", "{02205CE8-E173-40FB-B5AD-5017965231B4}"
EndProject
Project("{9A19103F-16F7-4668-BE54-9A1E7A4F7556}") = "Web_ECommerce.Admin.Application.Contracts", "src\Web_ECommerce.Admin.Application.Contracts\Web_ECommerce.Admin.Application.Contracts.csproj", "{CEC19009-C432-4D3F-A0A9-C98509049C45}"
EndProject
Project("{9A19103F-16F7-4668-BE54-9A1E7A4F7556}") = "Web_ECommerce.Admin.HttpApi", "src\Web_ECommerce.Admin.HttpApi\Web_ECommerce.Admin.HttpApi.csproj", "{49DCEE3F-967D-4DED-85E3-E404EA6520E2}"
EndProject
Project("{9A19103F-16F7-4668-BE54-9A1E7A4F7556}") = "Web_ECommerce.Admin.HttpApi.Client", "src\Web_ECommerce.Admin.HttpApi.Client\Web_ECommerce.Admin.HttpApi.Client.csproj", "{12E47337-DC93-4CA5-9753-750719FDB6AE}"
EndProject
Project("{9A19103F-16F7-4668-BE54-9A1E7A4F7556}") = "Web_ECommerce.Admin.HttpApi.Host", "src\Web_ECommerce.Admin.HttpApi.Host\Web_ECommerce.Admin.HttpApi.Host.csproj", "{6E10D32B-7B5F-48A5-AFA6-B5852FF3D250}"
EndProject
Project("{2150E333-8FDC-42A3-9474-1A3956D46DE8}") = "Admin", "Admin", "{7F66BF70-70A6-4A47-A128-67B065B3B397}"
EndProject
Project("{2150E333-8FDC-42A3-9474-1A3956D46DE8}") = "Shared", "Shared", "{CA20EBF6-40CE-4DC7-87A3-C4979A5B41E1}"
EndProject
Project("{2150E333-8FDC-42A3-9474-1A3956D46DE8}") = "Web", "Web", "{C90524DC-9647-49CC-AE0E-DF1EF3AD50D3}"
EndProject
Project("{9A19103F-16F7-4668-BE54-9A1E7A4F7556}") = "Web_ECommerce.Admin.Application.Tests", "test\Web_ECommerce.Admin.Application.Tests\Web_ECommerce.Admin.Application.Tests.csproj", "{2F900A10-5D3C-4A48-B664-03DB94B38C43}"
EndProject
Project("{9A19103F-16F7-4668-BE54-9A1E7A4F7556}") = "Web_ECommerce.Admin.HttpApi.Client.ConsoleTestApp", "test\Web_ECommerce.Admin.HttpApi.Client.ConsoleTestApp\Web_ECommerce.Admin.HttpApi.Client.ConsoleTestApp.csproj", "{DFD862BA-E31F-4D40-9D79-75C243214173}"
EndProject
Project("{9A19103F-16F7-4668-BE54-9A1E7A4F7556}") = "Web_ECommerce.Domain.Tests", "test\Web_ECommerce.Domain.Tests\Web_ECommerce.Domain.Tests.csproj", "{FC84195F-5B63-4298-B0B0-DB89C3ADCC48}"
EndProject
Project("{9A19103F-16F7-4668-BE54-9A1E7A4F7556}") = "Web_ECommerce.Public.Web", "src\Web_ECommerce.Public.Web\Web_ECommerce.Public.Web.csproj", "{8BCC9331-291B-47BE-82C5-41BB67934A88}"
EndProject
Project("{9A19103F-16F7-4668-BE54-9A1E7A4F7556}") = "Web_ECommerce.Public.HttpApi.Client", "src\Web_ECommerce.Public.HttpApi.Client\Web_ECommerce.Public.HttpApi.Client.csproj", "{21627A98-E93A-42F7-B442-531916C4753A}"
EndProject
Project("{9A19103F-16F7-4668-BE54-9A1E7A4F7556}") = "Web_ECommerce.Public.HttpApi", "src\Web_ECommerce.Public.HttpApi\Web_ECommerce.Public.HttpApi.csproj", "{C9BC1BDF-5BD6-4A80-BACF-6E41220BF7AA}"
EndProject
Project("{9A19103F-16F7-4668-BE54-9A1E7A4F7556}") = "Web_ECommerce.Public.Application.Contracts", "src\Web_ECommerce.Public.Application.Contracts\Web_ECommerce.Public.Application.Contracts.csproj", "{E99CDE60-9E72-421A-8685-037F51A01DDF}"
EndProject
Project("{9A19103F-16F7-4668-BE54-9A1E7A4F7556}") = "Web_ECommerce.Public.Application", "src\Web_ECommerce.Public.Application\Web_ECommerce.Public.Application.csproj", "{11534CF5-3DC9-4134-A600-7FBAB3BC0D3E}"
EndProject
Project("{9A19103F-16F7-4668-BE54-9A1E7A4F7556}") = "Web_ECommerce.Public.HttpApi.Client.ConsoleTestApp", "test\Web_ECommerce.Public.HttpApi.Client.ConsoleTestApp\Web_ECommerce.Public.HttpApi.Client.ConsoleTestApp.csproj", "{8D7EC511-7F70-40E8-95AD-D5E92D6E32A7}"
EndProject
Project("{9A19103F-16F7-4668-BE54-9A1E7A4F7556}") = "Web_ECommerce.Public.Application.Tests", "test\Web_ECommerce.Public.Application.Tests\Web_ECommerce.Public.Application.Tests.csproj", "{13BC21C9-C637-4AE7-8EC3-9AF7F748A46A}"
EndProject
Global
	GlobalSection(SolutionConfigurationPlatforms) = preSolution
		Debug|Any CPU = Debug|Any CPU
		Release|Any CPU = Release|Any CPU
	EndGlobalSection
	GlobalSection(ProjectConfigurationPlatforms) = postSolution
		{554AD327-6DBA-4F8F-96F8-81CE7A0C863F}.Debug|Any CPU.ActiveCfg = Debug|Any CPU
		{554AD327-6DBA-4F8F-96F8-81CE7A0C863F}.Debug|Any CPU.Build.0 = Debug|Any CPU
		{554AD327-6DBA-4F8F-96F8-81CE7A0C863F}.Release|Any CPU.ActiveCfg = Release|Any CPU
		{554AD327-6DBA-4F8F-96F8-81CE7A0C863F}.Release|Any CPU.Build.0 = Release|Any CPU
		{C956DD76-69C8-4A9C-83EA-D17DF83340FD}.Debug|Any CPU.ActiveCfg = Debug|Any CPU
		{C956DD76-69C8-4A9C-83EA-D17DF83340FD}.Debug|Any CPU.Build.0 = Debug|Any CPU
		{C956DD76-69C8-4A9C-83EA-D17DF83340FD}.Release|Any CPU.ActiveCfg = Release|Any CPU
		{C956DD76-69C8-4A9C-83EA-D17DF83340FD}.Release|Any CPU.Build.0 = Release|Any CPU
		{42F719ED-8413-4895-B5B4-5AB56079BC66}.Debug|Any CPU.ActiveCfg = Debug|Any CPU
		{42F719ED-8413-4895-B5B4-5AB56079BC66}.Debug|Any CPU.Build.0 = Debug|Any CPU
		{42F719ED-8413-4895-B5B4-5AB56079BC66}.Release|Any CPU.ActiveCfg = Release|Any CPU
		{42F719ED-8413-4895-B5B4-5AB56079BC66}.Release|Any CPU.Build.0 = Release|Any CPU
		{073C361E-B8F4-49F5-93CC-72A3FF49C026}.Debug|Any CPU.ActiveCfg = Debug|Any CPU
		{073C361E-B8F4-49F5-93CC-72A3FF49C026}.Debug|Any CPU.Build.0 = Debug|Any CPU
		{073C361E-B8F4-49F5-93CC-72A3FF49C026}.Release|Any CPU.ActiveCfg = Release|Any CPU
		{073C361E-B8F4-49F5-93CC-72A3FF49C026}.Release|Any CPU.Build.0 = Release|Any CPU
		{1FE30EB9-74A9-47F5-A9F6-7B1FAB672D81}.Debug|Any CPU.ActiveCfg = Debug|Any CPU
		{1FE30EB9-74A9-47F5-A9F6-7B1FAB672D81}.Debug|Any CPU.Build.0 = Debug|Any CPU
		{1FE30EB9-74A9-47F5-A9F6-7B1FAB672D81}.Release|Any CPU.ActiveCfg = Release|Any CPU
		{1FE30EB9-74A9-47F5-A9F6-7B1FAB672D81}.Release|Any CPU.Build.0 = Release|Any CPU
		{91853F21-9CD9-4132-BC29-A7D5D84FFFE7}.Debug|Any CPU.ActiveCfg = Debug|Any CPU
		{91853F21-9CD9-4132-BC29-A7D5D84FFFE7}.Debug|Any CPU.Build.0 = Debug|Any CPU
		{91853F21-9CD9-4132-BC29-A7D5D84FFFE7}.Release|Any CPU.ActiveCfg = Release|Any CPU
		{91853F21-9CD9-4132-BC29-A7D5D84FFFE7}.Release|Any CPU.Build.0 = Release|Any CPU
		{AA94D832-1CCC-4715-95A9-A483F23A1A5D}.Debug|Any CPU.ActiveCfg = Debug|Any CPU
		{AA94D832-1CCC-4715-95A9-A483F23A1A5D}.Debug|Any CPU.Build.0 = Debug|Any CPU
		{AA94D832-1CCC-4715-95A9-A483F23A1A5D}.Release|Any CPU.ActiveCfg = Release|Any CPU
		{AA94D832-1CCC-4715-95A9-A483F23A1A5D}.Release|Any CPU.Build.0 = Release|Any CPU
		{02205CE8-E173-40FB-B5AD-5017965231B4}.Debug|Any CPU.ActiveCfg = Debug|Any CPU
		{02205CE8-E173-40FB-B5AD-5017965231B4}.Debug|Any CPU.Build.0 = Debug|Any CPU
		{02205CE8-E173-40FB-B5AD-5017965231B4}.Release|Any CPU.ActiveCfg = Release|Any CPU
		{02205CE8-E173-40FB-B5AD-5017965231B4}.Release|Any CPU.Build.0 = Release|Any CPU
		{CEC19009-C432-4D3F-A0A9-C98509049C45}.Debug|Any CPU.ActiveCfg = Debug|Any CPU
		{CEC19009-C432-4D3F-A0A9-C98509049C45}.Debug|Any CPU.Build.0 = Debug|Any CPU
		{CEC19009-C432-4D3F-A0A9-C98509049C45}.Release|Any CPU.ActiveCfg = Release|Any CPU
		{CEC19009-C432-4D3F-A0A9-C98509049C45}.Release|Any CPU.Build.0 = Release|Any CPU
		{49DCEE3F-967D-4DED-85E3-E404EA6520E2}.Debug|Any CPU.ActiveCfg = Debug|Any CPU
		{49DCEE3F-967D-4DED-85E3-E404EA6520E2}.Debug|Any CPU.Build.0 = Debug|Any CPU
		{49DCEE3F-967D-4DED-85E3-E404EA6520E2}.Release|Any CPU.ActiveCfg = Release|Any CPU
		{49DCEE3F-967D-4DED-85E3-E404EA6520E2}.Release|Any CPU.Build.0 = Release|Any CPU
		{12E47337-DC93-4CA5-9753-750719FDB6AE}.Debug|Any CPU.ActiveCfg = Debug|Any CPU
		{12E47337-DC93-4CA5-9753-750719FDB6AE}.Debug|Any CPU.Build.0 = Debug|Any CPU
		{12E47337-DC93-4CA5-9753-750719FDB6AE}.Release|Any CPU.ActiveCfg = Release|Any CPU
		{12E47337-DC93-4CA5-9753-750719FDB6AE}.Release|Any CPU.Build.0 = Release|Any CPU
		{6E10D32B-7B5F-48A5-AFA6-B5852FF3D250}.Debug|Any CPU.ActiveCfg = Debug|Any CPU
		{6E10D32B-7B5F-48A5-AFA6-B5852FF3D250}.Debug|Any CPU.Build.0 = Debug|Any CPU
		{6E10D32B-7B5F-48A5-AFA6-B5852FF3D250}.Release|Any CPU.ActiveCfg = Release|Any CPU
		{6E10D32B-7B5F-48A5-AFA6-B5852FF3D250}.Release|Any CPU.Build.0 = Release|Any CPU
		{2F900A10-5D3C-4A48-B664-03DB94B38C43}.Debug|Any CPU.ActiveCfg = Debug|Any CPU
		{2F900A10-5D3C-4A48-B664-03DB94B38C43}.Debug|Any CPU.Build.0 = Debug|Any CPU
		{2F900A10-5D3C-4A48-B664-03DB94B38C43}.Release|Any CPU.ActiveCfg = Release|Any CPU
		{2F900A10-5D3C-4A48-B664-03DB94B38C43}.Release|Any CPU.Build.0 = Release|Any CPU
		{DFD862BA-E31F-4D40-9D79-75C243214173}.Debug|Any CPU.ActiveCfg = Debug|Any CPU
		{DFD862BA-E31F-4D40-9D79-75C243214173}.Debug|Any CPU.Build.0 = Debug|Any CPU
		{DFD862BA-E31F-4D40-9D79-75C243214173}.Release|Any CPU.ActiveCfg = Release|Any CPU
		{DFD862BA-E31F-4D40-9D79-75C243214173}.Release|Any CPU.Build.0 = Release|Any CPU
		{FC84195F-5B63-4298-B0B0-DB89C3ADCC48}.Debug|Any CPU.ActiveCfg = Debug|Any CPU
		{FC84195F-5B63-4298-B0B0-DB89C3ADCC48}.Debug|Any CPU.Build.0 = Debug|Any CPU
		{FC84195F-5B63-4298-B0B0-DB89C3ADCC48}.Release|Any CPU.ActiveCfg = Release|Any CPU
		{FC84195F-5B63-4298-B0B0-DB89C3ADCC48}.Release|Any CPU.Build.0 = Release|Any CPU
		{8BCC9331-291B-47BE-82C5-41BB67934A88}.Debug|Any CPU.ActiveCfg = Debug|Any CPU
		{8BCC9331-291B-47BE-82C5-41BB67934A88}.Debug|Any CPU.Build.0 = Debug|Any CPU
		{8BCC9331-291B-47BE-82C5-41BB67934A88}.Release|Any CPU.ActiveCfg = Release|Any CPU
		{8BCC9331-291B-47BE-82C5-41BB67934A88}.Release|Any CPU.Build.0 = Release|Any CPU
		{21627A98-E93A-42F7-B442-531916C4753A}.Debug|Any CPU.ActiveCfg = Debug|Any CPU
		{21627A98-E93A-42F7-B442-531916C4753A}.Debug|Any CPU.Build.0 = Debug|Any CPU
		{21627A98-E93A-42F7-B442-531916C4753A}.Release|Any CPU.ActiveCfg = Release|Any CPU
		{21627A98-E93A-42F7-B442-531916C4753A}.Release|Any CPU.Build.0 = Release|Any CPU
		{C9BC1BDF-5BD6-4A80-BACF-6E41220BF7AA}.Debug|Any CPU.ActiveCfg = Debug|Any CPU
		{C9BC1BDF-5BD6-4A80-BACF-6E41220BF7AA}.Debug|Any CPU.Build.0 = Debug|Any CPU
		{C9BC1BDF-5BD6-4A80-BACF-6E41220BF7AA}.Release|Any CPU.ActiveCfg = Release|Any CPU
		{C9BC1BDF-5BD6-4A80-BACF-6E41220BF7AA}.Release|Any CPU.Build.0 = Release|Any CPU
		{E99CDE60-9E72-421A-8685-037F51A01DDF}.Debug|Any CPU.ActiveCfg = Debug|Any CPU
		{E99CDE60-9E72-421A-8685-037F51A01DDF}.Debug|Any CPU.Build.0 = Debug|Any CPU
		{E99CDE60-9E72-421A-8685-037F51A01DDF}.Release|Any CPU.ActiveCfg = Release|Any CPU
		{E99CDE60-9E72-421A-8685-037F51A01DDF}.Release|Any CPU.Build.0 = Release|Any CPU
		{11534CF5-3DC9-4134-A600-7FBAB3BC0D3E}.Debug|Any CPU.ActiveCfg = Debug|Any CPU
		{11534CF5-3DC9-4134-A600-7FBAB3BC0D3E}.Debug|Any CPU.Build.0 = Debug|Any CPU
		{11534CF5-3DC9-4134-A600-7FBAB3BC0D3E}.Release|Any CPU.ActiveCfg = Release|Any CPU
		{11534CF5-3DC9-4134-A600-7FBAB3BC0D3E}.Release|Any CPU.Build.0 = Release|Any CPU
		{8D7EC511-7F70-40E8-95AD-D5E92D6E32A7}.Debug|Any CPU.ActiveCfg = Debug|Any CPU
		{8D7EC511-7F70-40E8-95AD-D5E92D6E32A7}.Debug|Any CPU.Build.0 = Debug|Any CPU
		{8D7EC511-7F70-40E8-95AD-D5E92D6E32A7}.Release|Any CPU.ActiveCfg = Release|Any CPU
		{8D7EC511-7F70-40E8-95AD-D5E92D6E32A7}.Release|Any CPU.Build.0 = Release|Any CPU
		{13BC21C9-C637-4AE7-8EC3-9AF7F748A46A}.Debug|Any CPU.ActiveCfg = Debug|Any CPU
		{13BC21C9-C637-4AE7-8EC3-9AF7F748A46A}.Debug|Any CPU.Build.0 = Debug|Any CPU
		{13BC21C9-C637-4AE7-8EC3-9AF7F748A46A}.Release|Any CPU.ActiveCfg = Release|Any CPU
		{13BC21C9-C637-4AE7-8EC3-9AF7F748A46A}.Release|Any CPU.Build.0 = Release|Any CPU
	EndGlobalSection
	GlobalSection(SolutionProperties) = preSolution
		HideSolutionNode = FALSE
	EndGlobalSection
	GlobalSection(NestedProjects) = preSolution
		{554AD327-6DBA-4F8F-96F8-81CE7A0C863F} = {512F3FD9-BB63-4A21-94D4-1F75E7DFCF40}
		{C956DD76-69C8-4A9C-83EA-D17DF83340FD} = {C65EC3AE-62A3-4DDE-B6E8-C7EF63FF1B9C}
		{42F719ED-8413-4895-B5B4-5AB56079BC66} = {512F3FD9-BB63-4A21-94D4-1F75E7DFCF40}
		{073C361E-B8F4-49F5-93CC-72A3FF49C026} = {E35F9B49-1AAE-440B-B9BB-B2F7641A3128}
		{1FE30EB9-74A9-47F5-A9F6-7B1FAB672D81} = {CA20EBF6-40CE-4DC7-87A3-C4979A5B41E1}
		{91853F21-9CD9-4132-BC29-A7D5D84FFFE7} = {CA20EBF6-40CE-4DC7-87A3-C4979A5B41E1}
		{AA94D832-1CCC-4715-95A9-A483F23A1A5D} = {C65EC3AE-62A3-4DDE-B6E8-C7EF63FF1B9C}
		{E35F9B49-1AAE-440B-B9BB-B2F7641A3128} = {CA9AC87F-097E-4F15-8393-4BC07735A5B0}
		{FF6B73EB-5B3F-4CEE-AA76-578EA4126311} = {CA9AC87F-097E-4F15-8393-4BC07735A5B0}
		{512F3FD9-BB63-4A21-94D4-1F75E7DFCF40} = {FF6B73EB-5B3F-4CEE-AA76-578EA4126311}
		{C65EC3AE-62A3-4DDE-B6E8-C7EF63FF1B9C} = {FF6B73EB-5B3F-4CEE-AA76-578EA4126311}
		{146E7CB7-F67A-4891-99D2-7F1BB1F36A8D} = {CA9AC87F-097E-4F15-8393-4BC07735A5B0}
		{F01B5631-FA3B-4045-82AB-14858EB1845F} = {CA9AC87F-097E-4F15-8393-4BC07735A5B0}
		{02205CE8-E173-40FB-B5AD-5017965231B4} = {F01B5631-FA3B-4045-82AB-14858EB1845F}
		{CEC19009-C432-4D3F-A0A9-C98509049C45} = {F01B5631-FA3B-4045-82AB-14858EB1845F}
		{49DCEE3F-967D-4DED-85E3-E404EA6520E2} = {F01B5631-FA3B-4045-82AB-14858EB1845F}
		{12E47337-DC93-4CA5-9753-750719FDB6AE} = {F01B5631-FA3B-4045-82AB-14858EB1845F}
		{6E10D32B-7B5F-48A5-AFA6-B5852FF3D250} = {F01B5631-FA3B-4045-82AB-14858EB1845F}
		{7F66BF70-70A6-4A47-A128-67B065B3B397} = {04DBDB01-70F4-4E06-B468-8F87850B22BE}
		{CA20EBF6-40CE-4DC7-87A3-C4979A5B41E1} = {04DBDB01-70F4-4E06-B468-8F87850B22BE}
		{C90524DC-9647-49CC-AE0E-DF1EF3AD50D3} = {04DBDB01-70F4-4E06-B468-8F87850B22BE}
		{2F900A10-5D3C-4A48-B664-03DB94B38C43} = {7F66BF70-70A6-4A47-A128-67B065B3B397}
		{DFD862BA-E31F-4D40-9D79-75C243214173} = {7F66BF70-70A6-4A47-A128-67B065B3B397}
		{FC84195F-5B63-4298-B0B0-DB89C3ADCC48} = {CA20EBF6-40CE-4DC7-87A3-C4979A5B41E1}
		{8BCC9331-291B-47BE-82C5-41BB67934A88} = {146E7CB7-F67A-4891-99D2-7F1BB1F36A8D}
		{21627A98-E93A-42F7-B442-531916C4753A} = {146E7CB7-F67A-4891-99D2-7F1BB1F36A8D}
		{C9BC1BDF-5BD6-4A80-BACF-6E41220BF7AA} = {146E7CB7-F67A-4891-99D2-7F1BB1F36A8D}
		{E99CDE60-9E72-421A-8685-037F51A01DDF} = {146E7CB7-F67A-4891-99D2-7F1BB1F36A8D}
		{11534CF5-3DC9-4134-A600-7FBAB3BC0D3E} = {146E7CB7-F67A-4891-99D2-7F1BB1F36A8D}
		{8D7EC511-7F70-40E8-95AD-D5E92D6E32A7} = {C90524DC-9647-49CC-AE0E-DF1EF3AD50D3}
		{13BC21C9-C637-4AE7-8EC3-9AF7F748A46A} = {C90524DC-9647-49CC-AE0E-DF1EF3AD50D3}
	EndGlobalSection
	GlobalSection(ExtensibilityGlobals) = postSolution
		SolutionGuid = {28315BFD-90E7-4E14-A2EA-F3D23AF4126F}
	EndGlobalSection
EndGlobal
